
Microsoft Visual Studio Solution File, Format Version 12.00
# Visual Studio Version 16
VisualStudioVersion = 16.0.31624.102
MinimumVisualStudioVersion = 10.0.40219.1
Project("{FAE04EC0-301F-11D3-BF4B-00C04F79EFBC}") = "ch10ex3", "ch10ex3\ch10ex3.csproj", "{AF93F413-A37E-4E80-8821-B336793B9A45}"
EndProject
Global
	GlobalSection(SolutionConfigurationPlatforms) = preSolution
		Debug|Any CPU = Debug|Any CPU
		Release|Any CPU = Release|Any CPU
	EndGlobalSection
	GlobalSection(ProjectConfigurationPlatforms) = postSolution
		{AF93F413-A37E-4E80-8821-B336793B9A45}.Debug|Any CPU.ActiveCfg = Debug|Any CPU
		{AF93F413-A37E-4E80-8821-B336793B9A45}.Debug|Any CPU.Build.0 = Debug|Any CPU
		{AF93F413-A37E-4E80-8821-B336793B9A45}.Release|Any CPU.ActiveCfg = Release|Any CPU
		{AF93F413-A37E-4E80-8821-B336793B9A45}.Release|Any CPU.Build.0 = Release|Any CPU
	EndGlobalSection
	GlobalSection(SolutionProperties) = preSolution
		HideSolutionNode = FALSE
	EndGlobalSection
	GlobalSection(ExtensibilityGlobals) = postSolution
		SolutionGuid = {E97410C7-3044-4CA2-AB74-F9BB0AD5654E}
	EndGlobalSection
EndGlobal
